// !$*UTF8*$!
{
	archiveVersion = 1;
	classes = {
	};
	objectVersion = 54;
	objects = {

/* Begin PBXBuildFile section */
		3AF67A5C25A64DBD00D360A7 /* VideoPlayerSwiftUIApp.swift in Sources */ = {isa = PBXBuildFile; fileRef = 3AF67A5B25A64DBD00D360A7 /* VideoPlayerSwiftUIApp.swift */; };
		3AF67A5E25A64DBD00D360A7 /* ContentView.swift in Sources */ = {isa = PBXBuildFile; fileRef = 3AF67A5D25A64DBD00D360A7 /* ContentView.swift */; };
		3AF67A6025A64DBF00D360A7 /* Assets.xcassets in Resources */ = {isa = PBXBuildFile; fileRef = 3AF67A5F25A64DBF00D360A7 /* Assets.xcassets */; };
		3AF67A6325A64DBF00D360A7 /* Preview Assets.xcassets in Resources */ = {isa = PBXBuildFile; fileRef = 3AF67A6225A64DBF00D360A7 /* Preview Assets.xcassets */; };
		3AF67A7925A64DBF00D360A7 /* VideoPlayerSwiftUIUITests.swift in Sources */ = {isa = PBXBuildFile; fileRef = 3AF67A7825A64DBF00D360A7 /* VideoPlayerSwiftUIUITests.swift */; };
		F31898652B54E33D00D892DA /* ModelData.swift in Sources */ = {isa = PBXBuildFile; fileRef = F31898642B54E33D00D892DA /* ModelData.swift */; };
		F31898682B54E37100D892DA /* DIContainer.swift in Sources */ = {isa = PBXBuildFile; fileRef = F31898672B54E37100D892DA /* DIContainer.swift */; };
		F318986A2B54E3C000D892DA /* DataService.swift in Sources */ = {isa = PBXBuildFile; fileRef = F31898692B54E3C000D892DA /* DataService.swift */; };
		F318986C2B54E3C700D892DA /* DataSession.swift in Sources */ = {isa = PBXBuildFile; fileRef = F318986B2B54E3C700D892DA /* DataSession.swift */; };
		F318986E2B54E3CD00D892DA /* APIHelper.swift in Sources */ = {isa = PBXBuildFile; fileRef = F318986D2B54E3CD00D892DA /* APIHelper.swift */; };
		F31898702B54E43200D892DA /* MockDIContainer.swift in Sources */ = {isa = PBXBuildFile; fileRef = F318986F2B54E43200D892DA /* MockDIContainer.swift */; };
		F31898732B54E46B00D892DA /* APIService.swift in Sources */ = {isa = PBXBuildFile; fileRef = F31898722B54E46B00D892DA /* APIService.swift */; };
		F31898752B54E47200D892DA /* APISession.swift in Sources */ = {isa = PBXBuildFile; fileRef = F31898742B54E47200D892DA /* APISession.swift */; };
		F31898772B54E50200D892DA /* MockAPISession.swift in Sources */ = {isa = PBXBuildFile; fileRef = F31898762B54E50200D892DA /* MockAPISession.swift */; };
		F31898792B54E62C00D892DA /* VideoControlPanelPlayer.swift in Sources */ = {isa = PBXBuildFile; fileRef = F31898782B54E62C00D892DA /* VideoControlPanelPlayer.swift */; };
		F318987E2B54F30E00D892DA /* MarkdownKit in Frameworks */ = {isa = PBXBuildFile; productRef = F318987D2B54F30E00D892DA /* MarkdownKit */; };
		F31898802B54F32500D892DA /* MarkdownText.swift in Sources */ = {isa = PBXBuildFile; fileRef = F318987F2B54F32500D892DA /* MarkdownText.swift */; };
		F31898872B54FB2E00D892DA /* VideoPlayerViewProtocol.swift in Sources */ = {isa = PBXBuildFile; fileRef = F31898862B54FB2E00D892DA /* VideoPlayerViewProtocol.swift */; };
		F31898892B54FB8400D892DA /* Video.swift in Sources */ = {isa = PBXBuildFile; fileRef = F31898882B54FB8400D892DA /* Video.swift */; };
		F318988B2B54FB9400D892DA /* videos.json in Resources */ = {isa = PBXBuildFile; fileRef = F318988A2B54FB9400D892DA /* videos.json */; };
		F31898912B54FD4D00D892DA /* ViewModel.swift in Sources */ = {isa = PBXBuildFile; fileRef = F31898902B54FD4D00D892DA /* ViewModel.swift */; };
		F31898932B55033200D892DA /* VideoPlayerList.swift in Sources */ = {isa = PBXBuildFile; fileRef = F31898922B55033200D892DA /* VideoPlayerList.swift */; };
		F31898972B550FB000D892DA /* DateUtil.swift in Sources */ = {isa = PBXBuildFile; fileRef = F31898962B550FB000D892DA /* DateUtil.swift */; };
		F36AC0E82B55176700214A02 /* VideoPlayerViewModel.swift in Sources */ = {isa = PBXBuildFile; fileRef = F36AC0E62B55176700214A02 /* VideoPlayerViewModel.swift */; };
		F36AC0E92B55176700214A02 /* VideoPlayerView.swift in Sources */ = {isa = PBXBuildFile; fileRef = F36AC0E72B55176700214A02 /* VideoPlayerView.swift */; };
		F36AC0EB2B551A6400214A02 /* VideoPlayerListTests.swift in Sources */ = {isa = PBXBuildFile; fileRef = F36AC0EA2B551A6400214A02 /* VideoPlayerListTests.swift */; };
/* End PBXBuildFile section */

/* Begin PBXContainerItemProxy section */
		3AF67A6A25A64DBF00D360A7 /* PBXContainerItemProxy */ = {
			isa = PBXContainerItemProxy;
			containerPortal = 3AF67A5025A64DBD00D360A7 /* Project object */;
			proxyType = 1;
			remoteGlobalIDString = 3AF67A5725A64DBD00D360A7;
			remoteInfo = VideoPlayerSwiftUI;
		};
		3AF67A7525A64DBF00D360A7 /* PBXContainerItemProxy */ = {
			isa = PBXContainerItemProxy;
			containerPortal = 3AF67A5025A64DBD00D360A7 /* Project object */;
			proxyType = 1;
			remoteGlobalIDString = 3AF67A5725A64DBD00D360A7;
			remoteInfo = VideoPlayerSwiftUI;
		};
/* End PBXContainerItemProxy section */

/* Begin PBXFileReference section */
		3AF67A5825A64DBD00D360A7 /* VideoPlayerSwiftUI.app */ = {isa = PBXFileReference; explicitFileType = wrapper.application; includeInIndex = 0; path = VideoPlayerSwiftUI.app; sourceTree = BUILT_PRODUCTS_DIR; };
		3AF67A5B25A64DBD00D360A7 /* VideoPlayerSwiftUIApp.swift */ = {isa = PBXFileReference; lastKnownFileType = sourcecode.swift; path = VideoPlayerSwiftUIApp.swift; sourceTree = "<group>"; };
		3AF67A5D25A64DBD00D360A7 /* ContentView.swift */ = {isa = PBXFileReference; lastKnownFileType = sourcecode.swift; path = ContentView.swift; sourceTree = "<group>"; };
		3AF67A5F25A64DBF00D360A7 /* Assets.xcassets */ = {isa = PBXFileReference; lastKnownFileType = folder.assetcatalog; path = Assets.xcassets; sourceTree = "<group>"; };
		3AF67A6225A64DBF00D360A7 /* Preview Assets.xcassets */ = {isa = PBXFileReference; lastKnownFileType = folder.assetcatalog; path = "Preview Assets.xcassets"; sourceTree = "<group>"; };
		3AF67A6425A64DBF00D360A7 /* Info.plist */ = {isa = PBXFileReference; lastKnownFileType = text.plist.xml; path = Info.plist; sourceTree = "<group>"; };
		3AF67A6925A64DBF00D360A7 /* VideoPlayerSwiftUITests.xctest */ = {isa = PBXFileReference; explicitFileType = wrapper.cfbundle; includeInIndex = 0; path = VideoPlayerSwiftUITests.xctest; sourceTree = BUILT_PRODUCTS_DIR; };
		3AF67A6F25A64DBF00D360A7 /* Info.plist */ = {isa = PBXFileReference; lastKnownFileType = text.plist.xml; path = Info.plist; sourceTree = "<group>"; };
		3AF67A7425A64DBF00D360A7 /* VideoPlayerSwiftUIUITests.xctest */ = {isa = PBXFileReference; explicitFileType = wrapper.cfbundle; includeInIndex = 0; path = VideoPlayerSwiftUIUITests.xctest; sourceTree = BUILT_PRODUCTS_DIR; };
		3AF67A7825A64DBF00D360A7 /* VideoPlayerSwiftUIUITests.swift */ = {isa = PBXFileReference; lastKnownFileType = sourcecode.swift; path = VideoPlayerSwiftUIUITests.swift; sourceTree = "<group>"; };
		3AF67A7A25A64DBF00D360A7 /* Info.plist */ = {isa = PBXFileReference; lastKnownFileType = text.plist.xml; path = Info.plist; sourceTree = "<group>"; };
		F31898642B54E33D00D892DA /* ModelData.swift */ = {isa = PBXFileReference; lastKnownFileType = sourcecode.swift; path = ModelData.swift; sourceTree = "<group>"; };
		F31898672B54E37100D892DA /* DIContainer.swift */ = {isa = PBXFileReference; lastKnownFileType = sourcecode.swift; path = DIContainer.swift; sourceTree = "<group>"; };
		F31898692B54E3C000D892DA /* DataService.swift */ = {isa = PBXFileReference; lastKnownFileType = sourcecode.swift; path = DataService.swift; sourceTree = "<group>"; };
		F318986B2B54E3C700D892DA /* DataSession.swift */ = {isa = PBXFileReference; lastKnownFileType = sourcecode.swift; path = DataSession.swift; sourceTree = "<group>"; };
		F318986D2B54E3CD00D892DA /* APIHelper.swift */ = {isa = PBXFileReference; lastKnownFileType = sourcecode.swift; path = APIHelper.swift; sourceTree = "<group>"; };
		F318986F2B54E43200D892DA /* MockDIContainer.swift */ = {isa = PBXFileReference; lastKnownFileType = sourcecode.swift; path = MockDIContainer.swift; sourceTree = "<group>"; };
		F31898722B54E46B00D892DA /* APIService.swift */ = {isa = PBXFileReference; lastKnownFileType = sourcecode.swift; path = APIService.swift; sourceTree = "<group>"; };
		F31898742B54E47200D892DA /* APISession.swift */ = {isa = PBXFileReference; lastKnownFileType = sourcecode.swift; path = APISession.swift; sourceTree = "<group>"; };
		F31898762B54E50200D892DA /* MockAPISession.swift */ = {isa = PBXFileReference; lastKnownFileType = sourcecode.swift; path = MockAPISession.swift; sourceTree = "<group>"; };
		F31898782B54E62C00D892DA /* VideoControlPanelPlayer.swift */ = {isa = PBXFileReference; lastKnownFileType = sourcecode.swift; path = VideoControlPanelPlayer.swift; sourceTree = "<group>"; };
		F318987F2B54F32500D892DA /* MarkdownText.swift */ = {isa = PBXFileReference; lastKnownFileType = sourcecode.swift; path = MarkdownText.swift; sourceTree = "<group>"; };
		F31898862B54FB2E00D892DA /* VideoPlayerViewProtocol.swift */ = {isa = PBXFileReference; lastKnownFileType = sourcecode.swift; path = VideoPlayerViewProtocol.swift; sourceTree = "<group>"; };
		F31898882B54FB8400D892DA /* Video.swift */ = {isa = PBXFileReference; lastKnownFileType = sourcecode.swift; path = Video.swift; sourceTree = "<group>"; };
		F318988A2B54FB9400D892DA /* videos.json */ = {isa = PBXFileReference; lastKnownFileType = text.json; path = videos.json; sourceTree = "<group>"; };
		F31898902B54FD4D00D892DA /* ViewModel.swift */ = {isa = PBXFileReference; lastKnownFileType = sourcecode.swift; path = ViewModel.swift; sourceTree = "<group>"; };
		F31898922B55033200D892DA /* VideoPlayerList.swift */ = {isa = PBXFileReference; lastKnownFileType = sourcecode.swift; path = VideoPlayerList.swift; sourceTree = "<group>"; };
		F31898962B550FB000D892DA /* DateUtil.swift */ = {isa = PBXFileReference; lastKnownFileType = sourcecode.swift; path = DateUtil.swift; sourceTree = "<group>"; };
		F36AC0E62B55176700214A02 /* VideoPlayerViewModel.swift */ = {isa = PBXFileReference; fileEncoding = 4; lastKnownFileType = sourcecode.swift; path = VideoPlayerViewModel.swift; sourceTree = "<group>"; };
		F36AC0E72B55176700214A02 /* VideoPlayerView.swift */ = {isa = PBXFileReference; fileEncoding = 4; lastKnownFileType = sourcecode.swift; path = VideoPlayerView.swift; sourceTree = "<group>"; };
		F36AC0EA2B551A6400214A02 /* VideoPlayerListTests.swift */ = {isa = PBXFileReference; lastKnownFileType = sourcecode.swift; path = VideoPlayerListTests.swift; sourceTree = "<group>"; };
/* End PBXFileReference section */

/* Begin PBXFrameworksBuildPhase section */
		3AF67A5525A64DBD00D360A7 /* Frameworks */ = {
			isa = PBXFrameworksBuildPhase;
			buildActionMask = 2147483647;
			files = (
				F318987E2B54F30E00D892DA /* MarkdownKit in Frameworks */,
			);
			runOnlyForDeploymentPostprocessing = 0;
		};
		3AF67A6625A64DBF00D360A7 /* Frameworks */ = {
			isa = PBXFrameworksBuildPhase;
			buildActionMask = 2147483647;
			files = (
			);
			runOnlyForDeploymentPostprocessing = 0;
		};
		3AF67A7125A64DBF00D360A7 /* Frameworks */ = {
			isa = PBXFrameworksBuildPhase;
			buildActionMask = 2147483647;
			files = (
			);
			runOnlyForDeploymentPostprocessing = 0;
		};
/* End PBXFrameworksBuildPhase section */

/* Begin PBXGroup section */
		3AF67A4F25A64DBD00D360A7 = {
			isa = PBXGroup;
			children = (
				3AF67A5A25A64DBD00D360A7 /* VideoPlayerSwiftUI */,
				3AF67A6C25A64DBF00D360A7 /* VideoPlayerSwiftUITests */,
				3AF67A7725A64DBF00D360A7 /* VideoPlayerSwiftUIUITests */,
				3AF67A5925A64DBD00D360A7 /* Products */,
			);
			sourceTree = "<group>";
		};
		3AF67A5925A64DBD00D360A7 /* Products */ = {
			isa = PBXGroup;
			children = (
				3AF67A5825A64DBD00D360A7 /* VideoPlayerSwiftUI.app */,
				3AF67A6925A64DBF00D360A7 /* VideoPlayerSwiftUITests.xctest */,
				3AF67A7425A64DBF00D360A7 /* VideoPlayerSwiftUIUITests.xctest */,
			);
			name = Products;
			sourceTree = "<group>";
		};
		3AF67A5A25A64DBD00D360A7 /* VideoPlayerSwiftUI */ = {
			isa = PBXGroup;
			children = (
				F318985D2B54E28500D892DA /* System */,
				F31898632B54E32F00D892DA /* Data */,
				F31898622B54E32300D892DA /* Model */,
				F31898662B54E35D00D892DA /* DI */,
				F318985E2B54E29100D892DA /* UI */,
				F31898952B550FA100D892DA /* Util */,
				F31898612B54E2A300D892DA /* Resources */,
			);
			path = VideoPlayerSwiftUI;
			sourceTree = "<group>";
		};
		3AF67A6C25A64DBF00D360A7 /* VideoPlayerSwiftUITests */ = {
			isa = PBXGroup;
			children = (
				F36AC0EA2B551A6400214A02 /* VideoPlayerListTests.swift */,
				3AF67A6F25A64DBF00D360A7 /* Info.plist */,
			);
			path = VideoPlayerSwiftUITests;
			sourceTree = "<group>";
		};
		3AF67A7725A64DBF00D360A7 /* VideoPlayerSwiftUIUITests */ = {
			isa = PBXGroup;
			children = (
				3AF67A7825A64DBF00D360A7 /* VideoPlayerSwiftUIUITests.swift */,
				3AF67A7A25A64DBF00D360A7 /* Info.plist */,
			);
			path = VideoPlayerSwiftUIUITests;
			sourceTree = "<group>";
		};
		F318985D2B54E28500D892DA /* System */ = {
			isa = PBXGroup;
			children = (
				3AF67A5B25A64DBD00D360A7 /* VideoPlayerSwiftUIApp.swift */,
			);
			path = System;
			sourceTree = "<group>";
		};
		F318985E2B54E29100D892DA /* UI */ = {
			isa = PBXGroup;
			children = (
				F31898602B54E29A00D892DA /* Component */,
				F318985F2B54E29600D892DA /* Screen */,
			);
			path = UI;
			sourceTree = "<group>";
		};
		F318985F2B54E29600D892DA /* Screen */ = {
			isa = PBXGroup;
			children = (
				F318988F2B54FD4600D892DA /* Base */,
				F31898832B54FB1500D892DA /* VideoPlayer */,
				3AF67A5D25A64DBD00D360A7 /* ContentView.swift */,
			);
			path = Screen;
			sourceTree = "<group>";
		};
		F31898602B54E29A00D892DA /* Component */ = {
			isa = PBXGroup;
			children = (
				F31898782B54E62C00D892DA /* VideoControlPanelPlayer.swift */,
				F318987F2B54F32500D892DA /* MarkdownText.swift */,
			);
			path = Component;
			sourceTree = "<group>";
		};
		F31898612B54E2A300D892DA /* Resources */ = {
			isa = PBXGroup;
			children = (
				3AF67A6425A64DBF00D360A7 /* Info.plist */,
				3AF67A5F25A64DBF00D360A7 /* Assets.xcassets */,
				3AF67A6225A64DBF00D360A7 /* Preview Assets.xcassets */,
			);
			path = Resources;
			sourceTree = "<group>";
		};
		F31898622B54E32300D892DA /* Model */ = {
			isa = PBXGroup;
			children = (
				F31898642B54E33D00D892DA /* ModelData.swift */,
				F31898882B54FB8400D892DA /* Video.swift */,
				F31898922B55033200D892DA /* VideoPlayerList.swift */,
				F318988A2B54FB9400D892DA /* videos.json */,
			);
			path = Model;
			sourceTree = "<group>";
		};
		F31898632B54E32F00D892DA /* Data */ = {
			isa = PBXGroup;
			children = (
				F31898712B54E44700D892DA /* API */,
				F31898692B54E3C000D892DA /* DataService.swift */,
				F318986B2B54E3C700D892DA /* DataSession.swift */,
			);
			path = Data;
			sourceTree = "<group>";
		};
		F31898662B54E35D00D892DA /* DI */ = {
			isa = PBXGroup;
			children = (
				F31898672B54E37100D892DA /* DIContainer.swift */,
				F318986F2B54E43200D892DA /* MockDIContainer.swift */,
			);
			path = DI;
			sourceTree = "<group>";
		};
		F31898712B54E44700D892DA /* API */ = {
			isa = PBXGroup;
			children = (
				F318986D2B54E3CD00D892DA /* APIHelper.swift */,
				F31898722B54E46B00D892DA /* APIService.swift */,
				F31898742B54E47200D892DA /* APISession.swift */,
				F31898762B54E50200D892DA /* MockAPISession.swift */,
			);
			path = API;
			sourceTree = "<group>";
		};
		F31898832B54FB1500D892DA /* VideoPlayer */ = {
			isa = PBXGroup;
			children = (
				F31898862B54FB2E00D892DA /* VideoPlayerViewProtocol.swift */,
				F36AC0E72B55176700214A02 /* VideoPlayerView.swift */,
				F36AC0E62B55176700214A02 /* VideoPlayerViewModel.swift */,
			);
			path = VideoPlayer;
			sourceTree = "<group>";
		};
		F318988F2B54FD4600D892DA /* Base */ = {
			isa = PBXGroup;
			children = (
				F31898902B54FD4D00D892DA /* ViewModel.swift */,
			);
			path = Base;
			sourceTree = "<group>";
		};
		F31898952B550FA100D892DA /* Util */ = {
			isa = PBXGroup;
			children = (
				F31898962B550FB000D892DA /* DateUtil.swift */,
			);
			path = Util;
			sourceTree = "<group>";
		};
/* End PBXGroup section */

/* Begin PBXNativeTarget section */
		3AF67A5725A64DBD00D360A7 /* VideoPlayerSwiftUI */ = {
			isa = PBXNativeTarget;
			buildConfigurationList = 3AF67A7D25A64DBF00D360A7 /* Build configuration list for PBXNativeTarget "VideoPlayerSwiftUI" */;
			buildPhases = (
				3AF67A5425A64DBD00D360A7 /* Sources */,
				3AF67A5525A64DBD00D360A7 /* Frameworks */,
				3AF67A5625A64DBD00D360A7 /* Resources */,
			);
			buildRules = (
			);
			dependencies = (
			);
			name = VideoPlayerSwiftUI;
			packageProductDependencies = (
				F318987D2B54F30E00D892DA /* MarkdownKit */,
			);
			productName = VideoPlayerSwiftUI;
			productReference = 3AF67A5825A64DBD00D360A7 /* VideoPlayerSwiftUI.app */;
			productType = "com.apple.product-type.application";
		};
		3AF67A6825A64DBF00D360A7 /* VideoPlayerSwiftUITests */ = {
			isa = PBXNativeTarget;
			buildConfigurationList = 3AF67A8025A64DBF00D360A7 /* Build configuration list for PBXNativeTarget "VideoPlayerSwiftUITests" */;
			buildPhases = (
				3AF67A6525A64DBF00D360A7 /* Sources */,
				3AF67A6625A64DBF00D360A7 /* Frameworks */,
				3AF67A6725A64DBF00D360A7 /* Resources */,
			);
			buildRules = (
			);
			dependencies = (
				3AF67A6B25A64DBF00D360A7 /* PBXTargetDependency */,
			);
			name = VideoPlayerSwiftUITests;
			productName = VideoPlayerSwiftUITests;
			productReference = 3AF67A6925A64DBF00D360A7 /* VideoPlayerSwiftUITests.xctest */;
			productType = "com.apple.product-type.bundle.unit-test";
		};
		3AF67A7325A64DBF00D360A7 /* VideoPlayerSwiftUIUITests */ = {
			isa = PBXNativeTarget;
			buildConfigurationList = 3AF67A8325A64DBF00D360A7 /* Build configuration list for PBXNativeTarget "VideoPlayerSwiftUIUITests" */;
			buildPhases = (
				3AF67A7025A64DBF00D360A7 /* Sources */,
				3AF67A7125A64DBF00D360A7 /* Frameworks */,
				3AF67A7225A64DBF00D360A7 /* Resources */,
			);
			buildRules = (
			);
			dependencies = (
				3AF67A7625A64DBF00D360A7 /* PBXTargetDependency */,
			);
			name = VideoPlayerSwiftUIUITests;
			productName = VideoPlayerSwiftUIUITests;
			productReference = 3AF67A7425A64DBF00D360A7 /* VideoPlayerSwiftUIUITests.xctest */;
			productType = "com.apple.product-type.bundle.ui-testing";
		};
/* End PBXNativeTarget section */

/* Begin PBXProject section */
		3AF67A5025A64DBD00D360A7 /* Project object */ = {
			isa = PBXProject;
			attributes = {
				LastSwiftUpdateCheck = 1210;
				LastUpgradeCheck = 1210;
				TargetAttributes = {
					3AF67A5725A64DBD00D360A7 = {
						CreatedOnToolsVersion = 12.1;
					};
					3AF67A6825A64DBF00D360A7 = {
						CreatedOnToolsVersion = 12.1;
						TestTargetID = 3AF67A5725A64DBD00D360A7;
					};
					3AF67A7325A64DBF00D360A7 = {
						CreatedOnToolsVersion = 12.1;
						TestTargetID = 3AF67A5725A64DBD00D360A7;
					};
				};
			};
			buildConfigurationList = 3AF67A5325A64DBD00D360A7 /* Build configuration list for PBXProject "VideoPlayerSwiftUI" */;
			compatibilityVersion = "Xcode 9.3";
			developmentRegion = en;
			hasScannedForEncodings = 0;
			knownRegions = (
				en,
				Base,
			);
			mainGroup = 3AF67A4F25A64DBD00D360A7;
			packageReferences = (
				F318987C2B54F30E00D892DA /* XCRemoteSwiftPackageReference "MarkdownKit" */,
			);
			productRefGroup = 3AF67A5925A64DBD00D360A7 /* Products */;
			projectDirPath = "";
			projectRoot = "";
			targets = (
				3AF67A5725A64DBD00D360A7 /* VideoPlayerSwiftUI */,
				3AF67A6825A64DBF00D360A7 /* VideoPlayerSwiftUITests */,
				3AF67A7325A64DBF00D360A7 /* VideoPlayerSwiftUIUITests */,
			);
		};
/* End PBXProject section */

/* Begin PBXResourcesBuildPhase section */
		3AF67A5625A64DBD00D360A7 /* Resources */ = {
			isa = PBXResourcesBuildPhase;
			buildActionMask = 2147483647;
			files = (
				3AF67A6325A64DBF00D360A7 /* Preview Assets.xcassets in Resources */,
				3AF67A6025A64DBF00D360A7 /* Assets.xcassets in Resources */,
				F318988B2B54FB9400D892DA /* videos.json in Resources */,
			);
			runOnlyForDeploymentPostprocessing = 0;
		};
		3AF67A6725A64DBF00D360A7 /* Resources */ = {
			isa = PBXResourcesBuildPhase;
			buildActionMask = 2147483647;
			files = (
			);
			runOnlyForDeploymentPostprocessing = 0;
		};
		3AF67A7225A64DBF00D360A7 /* Resources */ = {
			isa = PBXResourcesBuildPhase;
			buildActionMask = 2147483647;
			files = (
			);
			runOnlyForDeploymentPostprocessing = 0;
		};
/* End PBXResourcesBuildPhase section */

/* Begin PBXSourcesBuildPhase section */
		3AF67A5425A64DBD00D360A7 /* Sources */ = {
			isa = PBXSourcesBuildPhase;
			buildActionMask = 2147483647;
			files = (
				F31898972B550FB000D892DA /* DateUtil.swift in Sources */,
				F36AC0E82B55176700214A02 /* VideoPlayerViewModel.swift in Sources */,
				F31898802B54F32500D892DA /* MarkdownText.swift in Sources */,
				F318986E2B54E3CD00D892DA /* APIHelper.swift in Sources */,
				F31898932B55033200D892DA /* VideoPlayerList.swift in Sources */,
				F31898792B54E62C00D892DA /* VideoControlPanelPlayer.swift in Sources */,
				F318986C2B54E3C700D892DA /* DataSession.swift in Sources */,
				F31898702B54E43200D892DA /* MockDIContainer.swift in Sources */,
				F31898682B54E37100D892DA /* DIContainer.swift in Sources */,
				3AF67A5E25A64DBD00D360A7 /* ContentView.swift in Sources */,
				F31898752B54E47200D892DA /* APISession.swift in Sources */,
				F31898872B54FB2E00D892DA /* VideoPlayerViewProtocol.swift in Sources */,
				3AF67A5C25A64DBD00D360A7 /* VideoPlayerSwiftUIApp.swift in Sources */,
				F31898892B54FB8400D892DA /* Video.swift in Sources */,
				F31898772B54E50200D892DA /* MockAPISession.swift in Sources */,
				F31898652B54E33D00D892DA /* ModelData.swift in Sources */,
				F31898732B54E46B00D892DA /* APIService.swift in Sources */,
				F31898912B54FD4D00D892DA /* ViewModel.swift in Sources */,
				F318986A2B54E3C000D892DA /* DataService.swift in Sources */,
				F36AC0E92B55176700214A02 /* VideoPlayerView.swift in Sources */,
			);
			runOnlyForDeploymentPostprocessing = 0;
		};
		3AF67A6525A64DBF00D360A7 /* Sources */ = {
			isa = PBXSourcesBuildPhase;
			buildActionMask = 2147483647;
			files = (
				F36AC0EB2B551A6400214A02 /* VideoPlayerListTests.swift in Sources */,
			);
			runOnlyForDeploymentPostprocessing = 0;
		};
		3AF67A7025A64DBF00D360A7 /* Sources */ = {
			isa = PBXSourcesBuildPhase;
			buildActionMask = 2147483647;
			files = (
				3AF67A7925A64DBF00D360A7 /* VideoPlayerSwiftUIUITests.swift in Sources */,
			);
			runOnlyForDeploymentPostprocessing = 0;
		};
/* End PBXSourcesBuildPhase section */

/* Begin PBXTargetDependency section */
		3AF67A6B25A64DBF00D360A7 /* PBXTargetDependency */ = {
			isa = PBXTargetDependency;
			target = 3AF67A5725A64DBD00D360A7 /* VideoPlayerSwiftUI */;
			targetProxy = 3AF67A6A25A64DBF00D360A7 /* PBXContainerItemProxy */;
		};
		3AF67A7625A64DBF00D360A7 /* PBXTargetDependency */ = {
			isa = PBXTargetDependency;
			target = 3AF67A5725A64DBD00D360A7 /* VideoPlayerSwiftUI */;
			targetProxy = 3AF67A7525A64DBF00D360A7 /* PBXContainerItemProxy */;
		};
/* End PBXTargetDependency section */

/* Begin XCBuildConfiguration section */
		3AF67A7B25A64DBF00D360A7 /* Debug */ = {
			isa = XCBuildConfiguration;
			buildSettings = {
				ALWAYS_SEARCH_USER_PATHS = NO;
				CLANG_ANALYZER_NONNULL = YES;
				CLANG_ANALYZER_NUMBER_OBJECT_CONVERSION = YES_AGGRESSIVE;
				CLANG_CXX_LANGUAGE_STANDARD = "gnu++14";
				CLANG_CXX_LIBRARY = "libc++";
				CLANG_ENABLE_MODULES = YES;
				CLANG_ENABLE_OBJC_ARC = YES;
				CLANG_ENABLE_OBJC_WEAK = YES;
				CLANG_WARN_BLOCK_CAPTURE_AUTORELEASING = YES;
				CLANG_WARN_BOOL_CONVERSION = YES;
				CLANG_WARN_COMMA = YES;
				CLANG_WARN_CONSTANT_CONVERSION = YES;
				CLANG_WARN_DEPRECATED_OBJC_IMPLEMENTATIONS = YES;
				CLANG_WARN_DIRECT_OBJC_ISA_USAGE = YES_ERROR;
				CLANG_WARN_DOCUMENTATION_COMMENTS = YES;
				CLANG_WARN_EMPTY_BODY = YES;
				CLANG_WARN_ENUM_CONVERSION = YES;
				CLANG_WARN_INFINITE_RECURSION = YES;
				CLANG_WARN_INT_CONVERSION = YES;
				CLANG_WARN_NON_LITERAL_NULL_CONVERSION = YES;
				CLANG_WARN_OBJC_IMPLICIT_RETAIN_SELF = YES;
				CLANG_WARN_OBJC_LITERAL_CONVERSION = YES;
				CLANG_WARN_OBJC_ROOT_CLASS = YES_ERROR;
				CLANG_WARN_QUOTED_INCLUDE_IN_FRAMEWORK_HEADER = YES;
				CLANG_WARN_RANGE_LOOP_ANALYSIS = YES;
				CLANG_WARN_STRICT_PROTOTYPES = YES;
				CLANG_WARN_SUSPICIOUS_MOVE = YES;
				CLANG_WARN_UNGUARDED_AVAILABILITY = YES_AGGRESSIVE;
				CLANG_WARN_UNREACHABLE_CODE = YES;
				CLANG_WARN__DUPLICATE_METHOD_MATCH = YES;
				COPY_PHASE_STRIP = NO;
				DEBUG_INFORMATION_FORMAT = dwarf;
				ENABLE_STRICT_OBJC_MSGSEND = YES;
				ENABLE_TESTABILITY = YES;
				GCC_C_LANGUAGE_STANDARD = gnu11;
				GCC_DYNAMIC_NO_PIC = NO;
				GCC_NO_COMMON_BLOCKS = YES;
				GCC_OPTIMIZATION_LEVEL = 0;
				GCC_PREPROCESSOR_DEFINITIONS = (
					"DEBUG=1",
					"$(inherited)",
				);
				GCC_WARN_64_TO_32_BIT_CONVERSION = YES;
				GCC_WARN_ABOUT_RETURN_TYPE = YES_ERROR;
				GCC_WARN_UNDECLARED_SELECTOR = YES;
				GCC_WARN_UNINITIALIZED_AUTOS = YES_AGGRESSIVE;
				GCC_WARN_UNUSED_FUNCTION = YES;
				GCC_WARN_UNUSED_VARIABLE = YES;
				IPHONEOS_DEPLOYMENT_TARGET = 14.1;
				MTL_ENABLE_DEBUG_INFO = INCLUDE_SOURCE;
				MTL_FAST_MATH = YES;
				ONLY_ACTIVE_ARCH = YES;
				SDKROOT = iphoneos;
				SWIFT_ACTIVE_COMPILATION_CONDITIONS = DEBUG;
				SWIFT_OPTIMIZATION_LEVEL = "-Onone";
			};
			name = Debug;
		};
		3AF67A7C25A64DBF00D360A7 /* Release */ = {
			isa = XCBuildConfiguration;
			buildSettings = {
				ALWAYS_SEARCH_USER_PATHS = NO;
				CLANG_ANALYZER_NONNULL = YES;
				CLANG_ANALYZER_NUMBER_OBJECT_CONVERSION = YES_AGGRESSIVE;
				CLANG_CXX_LANGUAGE_STANDARD = "gnu++14";
				CLANG_CXX_LIBRARY = "libc++";
				CLANG_ENABLE_MODULES = YES;
				CLANG_ENABLE_OBJC_ARC = YES;
				CLANG_ENABLE_OBJC_WEAK = YES;
				CLANG_WARN_BLOCK_CAPTURE_AUTORELEASING = YES;
				CLANG_WARN_BOOL_CONVERSION = YES;
				CLANG_WARN_COMMA = YES;
				CLANG_WARN_CONSTANT_CONVERSION = YES;
				CLANG_WARN_DEPRECATED_OBJC_IMPLEMENTATIONS = YES;
				CLANG_WARN_DIRECT_OBJC_ISA_USAGE = YES_ERROR;
				CLANG_WARN_DOCUMENTATION_COMMENTS = YES;
				CLANG_WARN_EMPTY_BODY = YES;
				CLANG_WARN_ENUM_CONVERSION = YES;
				CLANG_WARN_INFINITE_RECURSION = YES;
				CLANG_WARN_INT_CONVERSION = YES;
				CLANG_WARN_NON_LITERAL_NULL_CONVERSION = YES;
				CLANG_WARN_OBJC_IMPLICIT_RETAIN_SELF = YES;
				CLANG_WARN_OBJC_LITERAL_CONVERSION = YES;
				CLANG_WARN_OBJC_ROOT_CLASS = YES_ERROR;
				CLANG_WARN_QUOTED_INCLUDE_IN_FRAMEWORK_HEADER = YES;
				CLANG_WARN_RANGE_LOOP_ANALYSIS = YES;
				CLANG_WARN_STRICT_PROTOTYPES = YES;
				CLANG_WARN_SUSPICIOUS_MOVE = YES;
				CLANG_WARN_UNGUARDED_AVAILABILITY = YES_AGGRESSIVE;
				CLANG_WARN_UNREACHABLE_CODE = YES;
				CLANG_WARN__DUPLICATE_METHOD_MATCH = YES;
				COPY_PHASE_STRIP = NO;
				DEBUG_INFORMATION_FORMAT = "dwarf-with-dsym";
				ENABLE_NS_ASSERTIONS = NO;
				ENABLE_STRICT_OBJC_MSGSEND = YES;
				GCC_C_LANGUAGE_STANDARD = gnu11;
				GCC_NO_COMMON_BLOCKS = YES;
				GCC_WARN_64_TO_32_BIT_CONVERSION = YES;
				GCC_WARN_ABOUT_RETURN_TYPE = YES_ERROR;
				GCC_WARN_UNDECLARED_SELECTOR = YES;
				GCC_WARN_UNINITIALIZED_AUTOS = YES_AGGRESSIVE;
				GCC_WARN_UNUSED_FUNCTION = YES;
				GCC_WARN_UNUSED_VARIABLE = YES;
				IPHONEOS_DEPLOYMENT_TARGET = 14.1;
				MTL_ENABLE_DEBUG_INFO = NO;
				MTL_FAST_MATH = YES;
				SDKROOT = iphoneos;
				SWIFT_COMPILATION_MODE = wholemodule;
				SWIFT_OPTIMIZATION_LEVEL = "-O";
				VALIDATE_PRODUCT = YES;
			};
			name = Release;
		};
		3AF67A7E25A64DBF00D360A7 /* Debug */ = {
			isa = XCBuildConfiguration;
			buildSettings = {
				ASSETCATALOG_COMPILER_APPICON_NAME = AppIcon;
				ASSETCATALOG_COMPILER_GLOBAL_ACCENT_COLOR_NAME = AccentColor;
				CODE_SIGN_STYLE = Automatic;
				DEVELOPMENT_ASSET_PATHS = "\"VideoPlayerSwiftUI/Resources\"";
				DEVELOPMENT_TEAM = 6HCGREW92J;
				ENABLE_PREVIEWS = YES;
				INFOPLIST_FILE = VideoPlayerSwiftUI/Resources/Info.plist;
				IPHONEOS_DEPLOYMENT_TARGET = 14.0;
				LD_RUNPATH_SEARCH_PATHS = (
					"$(inherited)",
					"@executable_path/Frameworks",
				);
				PRODUCT_BUNDLE_IDENTIFIER = com.silverorange.VideoPlayerSwiftUI;
				PRODUCT_NAME = "$(TARGET_NAME)";
				SWIFT_VERSION = 5.0;
				TARGETED_DEVICE_FAMILY = "1,2";
			};
			name = Debug;
		};
		3AF67A7F25A64DBF00D360A7 /* Release */ = {
			isa = XCBuildConfiguration;
			buildSettings = {
				ASSETCATALOG_COMPILER_APPICON_NAME = AppIcon;
				ASSETCATALOG_COMPILER_GLOBAL_ACCENT_COLOR_NAME = AccentColor;
				CODE_SIGN_STYLE = Automatic;
				DEVELOPMENT_ASSET_PATHS = "\"VideoPlayerSwiftUI/Resources\"";
				DEVELOPMENT_TEAM = 6HCGREW92J;
				ENABLE_PREVIEWS = YES;
				INFOPLIST_FILE = VideoPlayerSwiftUI/Resources/Info.plist;
				IPHONEOS_DEPLOYMENT_TARGET = 14.0;
				LD_RUNPATH_SEARCH_PATHS = (
					"$(inherited)",
					"@executable_path/Frameworks",
				);
				PRODUCT_BUNDLE_IDENTIFIER = com.silverorange.VideoPlayerSwiftUI;
				PRODUCT_NAME = "$(TARGET_NAME)";
				SWIFT_VERSION = 5.0;
				TARGETED_DEVICE_FAMILY = "1,2";
			};
			name = Release;
		};
		3AF67A8125A64DBF00D360A7 /* Debug */ = {
			isa = XCBuildConfiguration;
			buildSettings = {
				ALWAYS_EMBED_SWIFT_STANDARD_LIBRARIES = YES;
				BUNDLE_LOADER = "$(TEST_HOST)";
				CODE_SIGN_STYLE = Automatic;
				INFOPLIST_FILE = VideoPlayerSwiftUITests/Info.plist;
				IPHONEOS_DEPLOYMENT_TARGET = 14.0;
				LD_RUNPATH_SEARCH_PATHS = (
					"$(inherited)",
					"@executable_path/Frameworks",
					"@loader_path/Frameworks",
				);
				PRODUCT_BUNDLE_IDENTIFIER = com.silverorange.VideoPlayerSwiftUITests;
				PRODUCT_NAME = "$(TARGET_NAME)";
				SWIFT_VERSION = 5.0;
				TARGETED_DEVICE_FAMILY = "1,2";
				TEST_HOST = "$(BUILT_PRODUCTS_DIR)/VideoPlayerSwiftUI.app/VideoPlayerSwiftUI";
			};
			name = Debug;
		};
		3AF67A8225A64DBF00D360A7 /* Release */ = {
			isa = XCBuildConfiguration;
			buildSettings = {
				ALWAYS_EMBED_SWIFT_STANDARD_LIBRARIES = YES;
				BUNDLE_LOADER = "$(TEST_HOST)";
				CODE_SIGN_STYLE = Automatic;
				INFOPLIST_FILE = VideoPlayerSwiftUITests/Info.plist;
				IPHONEOS_DEPLOYMENT_TARGET = 14.0;
				LD_RUNPATH_SEARCH_PATHS = (
					"$(inherited)",
					"@executable_path/Frameworks",
					"@loader_path/Frameworks",
				);
				PRODUCT_BUNDLE_IDENTIFIER = com.silverorange.VideoPlayerSwiftUITests;
				PRODUCT_NAME = "$(TARGET_NAME)";
				SWIFT_VERSION = 5.0;
				TARGETED_DEVICE_FAMILY = "1,2";
				TEST_HOST = "$(BUILT_PRODUCTS_DIR)/VideoPlayerSwiftUI.app/VideoPlayerSwiftUI";
			};
			name = Release;
		};
		3AF67A8425A64DBF00D360A7 /* Debug */ = {
			isa = XCBuildConfiguration;
			buildSettings = {
				ALWAYS_EMBED_SWIFT_STANDARD_LIBRARIES = YES;
				CODE_SIGN_STYLE = Automatic;
				INFOPLIST_FILE = VideoPlayerSwiftUIUITests/Info.plist;
				LD_RUNPATH_SEARCH_PATHS = (
					"$(inherited)",
					"@executable_path/Frameworks",
					"@loader_path/Frameworks",
				);
				PRODUCT_BUNDLE_IDENTIFIER = com.silverorange.VideoPlayerSwiftUIUITests;
				PRODUCT_NAME = "$(TARGET_NAME)";
				SWIFT_VERSION = 5.0;
				TARGETED_DEVICE_FAMILY = "1,2";
				TEST_TARGET_NAME = VideoPlayerSwiftUI;
			};
			name = Debug;
		};
		3AF67A8525A64DBF00D360A7 /* Release */ = {
			isa = XCBuildConfiguration;
			buildSettings = {
				ALWAYS_EMBED_SWIFT_STANDARD_LIBRARIES = YES;
				CODE_SIGN_STYLE = Automatic;
				INFOPLIST_FILE = VideoPlayerSwiftUIUITests/Info.plist;
				LD_RUNPATH_SEARCH_PATHS = (
					"$(inherited)",
					"@executable_path/Frameworks",
					"@loader_path/Frameworks",
				);
				PRODUCT_BUNDLE_IDENTIFIER = com.silverorange.VideoPlayerSwiftUIUITests;
				PRODUCT_NAME = "$(TARGET_NAME)";
				SWIFT_VERSION = 5.0;
				TARGETED_DEVICE_FAMILY = "1,2";
				TEST_TARGET_NAME = VideoPlayerSwiftUI;
			};
			name = Release;
		};
/* End XCBuildConfiguration section */

/* Begin XCConfigurationList section */
		3AF67A5325A64DBD00D360A7 /* Build configuration list for PBXProject "VideoPlayerSwiftUI" */ = {
			isa = XCConfigurationList;
			buildConfigurations = (
				3AF67A7B25A64DBF00D360A7 /* Debug */,
				3AF67A7C25A64DBF00D360A7 /* Release */,
			);
			defaultConfigurationIsVisible = 0;
			defaultConfigurationName = Release;
		};
		3AF67A7D25A64DBF00D360A7 /* Build configuration list for PBXNativeTarget "VideoPlayerSwiftUI" */ = {
			isa = XCConfigurationList;
			buildConfigurations = (
				3AF67A7E25A64DBF00D360A7 /* Debug */,
				3AF67A7F25A64DBF00D360A7 /* Release */,
			);
			defaultConfigurationIsVisible = 0;
			defaultConfigurationName = Release;
		};
		3AF67A8025A64DBF00D360A7 /* Build configuration list for PBXNativeTarget "VideoPlayerSwiftUITests" */ = {
			isa = XCConfigurationList;
			buildConfigurations = (
				3AF67A8125A64DBF00D360A7 /* Debug */,
				3AF67A8225A64DBF00D360A7 /* Release */,
			);
			defaultConfigurationIsVisible = 0;
			defaultConfigurationName = Release;
		};
		3AF67A8325A64DBF00D360A7 /* Build configuration list for PBXNativeTarget "VideoPlayerSwiftUIUITests" */ = {
			isa = XCConfigurationList;
			buildConfigurations = (
				3AF67A8425A64DBF00D360A7 /* Debug */,
				3AF67A8525A64DBF00D360A7 /* Release */,
			);
			defaultConfigurationIsVisible = 0;
			defaultConfigurationName = Release;
		};
/* End XCConfigurationList section */

/* Begin XCRemoteSwiftPackageReference section */
		F318987C2B54F30E00D892DA /* XCRemoteSwiftPackageReference "MarkdownKit" */ = {
			isa = XCRemoteSwiftPackageReference;
			repositoryURL = "https://github.com/bmoliveira/MarkdownKit.git";
			requirement = {
				kind = upToNextMinorVersion;
				minimumVersion = 1.7.1;
			};
		};
/* End XCRemoteSwiftPackageReference section */

/* Begin XCSwiftPackageProductDependency section */
		F318987D2B54F30E00D892DA /* MarkdownKit */ = {
			isa = XCSwiftPackageProductDependency;
			package = F318987C2B54F30E00D892DA /* XCRemoteSwiftPackageReference "MarkdownKit" */;
			productName = MarkdownKit;
		};
/* End XCSwiftPackageProductDependency section */
	};
	rootObject = 3AF67A5025A64DBD00D360A7 /* Project object */;
}
